{
  "object": {
    "pins": [
      {
        "package": "SSLService",
        "repositoryURL": "https://github.com/IBM-Swift/BlueSSLService.git",
        "state": {
          "branch": null,
          "revision": "7f08ff22d8f50b2c25c2bb969a683cdf279a6af4",
          "version": "0.12.67"
        }
      },
      {
        "package": "Socket",
        "repositoryURL": "https://github.com/IBM-Swift/BlueSocket.git",
        "state": {
          "branch": null,
          "revision": "f33e2d3e6da0b5b286073e7091eefd0ca56ebc63",
          "version": "0.12.78"
        }
      }
    ]
  },
  "version": 1
}
